
Microsoft Visual Studio Solution File, Format Version 12.00
# Visual Studio Version 16
VisualStudioVersion = 16.0.30225.117
MinimumVisualStudioVersion = 10.0.40219.1
Project("{FAE04EC0-301F-11D3-BF4B-00C04F79EFBC}") = "GroupPeople", "GroupPeople\GroupPeople.csproj", "{9F1EF375-E430-475D-B208-0D53CAD0A3E8}"
EndProject
Global
	GlobalSection(SolutionConfigurationPlatforms) = preSolution
		Debug|Any CPU = Debug|Any CPU
		Release|Any CPU = Release|Any CPU
	EndGlobalSection
	GlobalSection(ProjectConfigurationPlatforms) = postSolution
		{9F1EF375-E430-475D-B208-0D53CAD0A3E8}.Debug|Any CPU.ActiveCfg = Debug|Any CPU
		{9F1EF375-E430-475D-B208-0D53CAD0A3E8}.Debug|Any CPU.Build.0 = Debug|Any CPU
		{9F1EF375-E430-475D-B208-0D53CAD0A3E8}.Release|Any CPU.ActiveCfg = Release|Any CPU
		{9F1EF375-E430-475D-B208-0D53CAD0A3E8}.Release|Any CPU.Build.0 = Release|Any CPU
	EndGlobalSection
	GlobalSection(SolutionProperties) = preSolution
		HideSolutionNode = FALSE
	EndGlobalSection
	GlobalSection(ExtensibilityGlobals) = postSolution
		SolutionGuid = {01DC5C22-D76F-4BA8-8464-7E33D1532851}
	EndGlobalSection
EndGlobal
