
Microsoft Visual Studio Solution File, Format Version 12.00
# Visual Studio Version 16
VisualStudioVersion = 16.0.30517.126
MinimumVisualStudioVersion = 10.0.40219.1
Project("{FAE04EC0-301F-11D3-BF4B-00C04F79EFBC}") = "RunningSum", "RunningSum\RunningSum.csproj", "{96F70251-B9F0-4B7F-83F0-15F51FBBAEBD}"
EndProject
Global
	GlobalSection(SolutionConfigurationPlatforms) = preSolution
		Debug|Any CPU = Debug|Any CPU
		Release|Any CPU = Release|Any CPU
	EndGlobalSection
	GlobalSection(ProjectConfigurationPlatforms) = postSolution
		{96F70251-B9F0-4B7F-83F0-15F51FBBAEBD}.Debug|Any CPU.ActiveCfg = Debug|Any CPU
		{96F70251-B9F0-4B7F-83F0-15F51FBBAEBD}.Debug|Any CPU.Build.0 = Debug|Any CPU
		{96F70251-B9F0-4B7F-83F0-15F51FBBAEBD}.Release|Any CPU.ActiveCfg = Release|Any CPU
		{96F70251-B9F0-4B7F-83F0-15F51FBBAEBD}.Release|Any CPU.Build.0 = Release|Any CPU
	EndGlobalSection
	GlobalSection(SolutionProperties) = preSolution
		HideSolutionNode = FALSE
	EndGlobalSection
	GlobalSection(ExtensibilityGlobals) = postSolution
		SolutionGuid = {75859A12-8F70-400D-856D-8CCF79A43262}
	EndGlobalSection
EndGlobal
