
Microsoft Visual Studio Solution File, Format Version 12.00
# Visual Studio Version 16
VisualStudioVersion = 16.0.30523.141
MinimumVisualStudioVersion = 10.0.40219.1
Project("{FAE04EC0-301F-11D3-BF4B-00C04F79EFBC}") = "CountNegNumbers", "CountNegNumbers\CountNegNumbers.csproj", "{E0025EF9-FAE2-4AB1-8931-FD013C429365}"
EndProject
Project("{FAE04EC0-301F-11D3-BF4B-00C04F79EFBC}") = "CountNegNumbersTests", "CountNegNumbersTests\CountNegNumbersTests.csproj", "{D185A157-E671-47F5-B774-AB1888043294}"
EndProject
Global
	GlobalSection(SolutionConfigurationPlatforms) = preSolution
		Debug|Any CPU = Debug|Any CPU
		Release|Any CPU = Release|Any CPU
	EndGlobalSection
	GlobalSection(ProjectConfigurationPlatforms) = postSolution
		{E0025EF9-FAE2-4AB1-8931-FD013C429365}.Debug|Any CPU.ActiveCfg = Debug|Any CPU
		{E0025EF9-FAE2-4AB1-8931-FD013C429365}.Debug|Any CPU.Build.0 = Debug|Any CPU
		{E0025EF9-FAE2-4AB1-8931-FD013C429365}.Release|Any CPU.ActiveCfg = Release|Any CPU
		{E0025EF9-FAE2-4AB1-8931-FD013C429365}.Release|Any CPU.Build.0 = Release|Any CPU
		{D185A157-E671-47F5-B774-AB1888043294}.Debug|Any CPU.ActiveCfg = Debug|Any CPU
		{D185A157-E671-47F5-B774-AB1888043294}.Debug|Any CPU.Build.0 = Debug|Any CPU
		{D185A157-E671-47F5-B774-AB1888043294}.Release|Any CPU.ActiveCfg = Release|Any CPU
		{D185A157-E671-47F5-B774-AB1888043294}.Release|Any CPU.Build.0 = Release|Any CPU
	EndGlobalSection
	GlobalSection(SolutionProperties) = preSolution
		HideSolutionNode = FALSE
	EndGlobalSection
	GlobalSection(ExtensibilityGlobals) = postSolution
		SolutionGuid = {32F8C42A-BF17-48FD-BA59-DDC804B43CD8}
	EndGlobalSection
EndGlobal
