
Microsoft Visual Studio Solution File, Format Version 12.00
# Visual Studio Version 16
VisualStudioVersion = 16.0.30225.117
MinimumVisualStudioVersion = 10.0.40219.1
Project("{FAE04EC0-301F-11D3-BF4B-00C04F79EFBC}") = "FormGroups", "FormGroups\FormGroups.csproj", "{2F7C969E-99BC-431D-898D-BE0FF545597B}"
EndProject
Global
	GlobalSection(SolutionConfigurationPlatforms) = preSolution
		Debug|Any CPU = Debug|Any CPU
		Release|Any CPU = Release|Any CPU
	EndGlobalSection
	GlobalSection(ProjectConfigurationPlatforms) = postSolution
		{2F7C969E-99BC-431D-898D-BE0FF545597B}.Debug|Any CPU.ActiveCfg = Debug|Any CPU
		{2F7C969E-99BC-431D-898D-BE0FF545597B}.Debug|Any CPU.Build.0 = Debug|Any CPU
		{2F7C969E-99BC-431D-898D-BE0FF545597B}.Release|Any CPU.ActiveCfg = Release|Any CPU
		{2F7C969E-99BC-431D-898D-BE0FF545597B}.Release|Any CPU.Build.0 = Release|Any CPU
	EndGlobalSection
	GlobalSection(SolutionProperties) = preSolution
		HideSolutionNode = FALSE
	EndGlobalSection
	GlobalSection(ExtensibilityGlobals) = postSolution
		SolutionGuid = {584E3DB5-38F7-4DD2-8C3F-9167A9BD19DF}
	EndGlobalSection
EndGlobal
